
Microsoft Visual Studio Solution File, Format Version 12.00
# Visual Studio 15
Project("{FAE04EC0-301F-11D3-BF4B-00C04F79EFBC}") = "ChessOn", "ChessOn.csproj", "{42878841-5221-4620-9576-3900679571E2}"
EndProject
Project("{FAE04EC0-301F-11D3-BF4B-00C04F79EFBC}") = "ChessUI", "ChessUI\ChessUI.csproj", "{0B869595-0FBD-481E-9035-5B335DF0CFD3}"
EndProject
Project("{FAE04EC0-301F-11D3-BF4B-00C04F79EFBC}") = "ChessLog", "ChessLog\ChessLog.csproj", "{8EC0E117-6159-4906-BA47-5A025C61519A}"
EndProject
Global
	GlobalSection(SolutionConfigurationPlatforms) = preSolution
		Debug|x86 = Debug|x86
		Release|x86 = Release|x86
	EndGlobalSection
	GlobalSection(ProjectConfigurationPlatforms) = postSolution
		{42878841-5221-4620-9576-3900679571E2}.Debug|x86.ActiveCfg = Debug|x86
		{42878841-5221-4620-9576-3900679571E2}.Debug|x86.Build.0 = Debug|x86
		{42878841-5221-4620-9576-3900679571E2}.Release|x86.ActiveCfg = Release|x86
		{42878841-5221-4620-9576-3900679571E2}.Release|x86.Build.0 = Release|x86
		{0B869595-0FBD-481E-9035-5B335DF0CFD3}.Debug|x86.ActiveCfg = Debug|x86
		{0B869595-0FBD-481E-9035-5B335DF0CFD3}.Debug|x86.Build.0 = Debug|x86
		{0B869595-0FBD-481E-9035-5B335DF0CFD3}.Release|x86.ActiveCfg = Release|x86
		{0B869595-0FBD-481E-9035-5B335DF0CFD3}.Release|x86.Build.0 = Release|x86
		{8EC0E117-6159-4906-BA47-5A025C61519A}.Debug|x86.ActiveCfg = Debug|Any CPU
		{8EC0E117-6159-4906-BA47-5A025C61519A}.Debug|x86.Build.0 = Debug|Any CPU
		{8EC0E117-6159-4906-BA47-5A025C61519A}.Release|x86.ActiveCfg = Release|Any CPU
		{8EC0E117-6159-4906-BA47-5A025C61519A}.Release|x86.Build.0 = Release|Any CPU
	EndGlobalSection
EndGlobal
